
Microsoft Visual Studio Solution File, Format Version 12.00
# Visual Studio Version 17
VisualStudioVersion = 17.1.32228.430
MinimumVisualStudioVersion = 10.0.40219.1
Project("{FAE04EC0-301F-11D3-BF4B-00C04F79EFBC}") = "PruebaTec2.EntidadesDeNegocio", "PruebaTec2.EntidadesDeNegocio\PruebaTec2.EntidadesDeNegocio.csproj", "{C47A389E-888D-4C0F-8EE5-3515768B24A7}"
EndProject
Project("{FAE04EC0-301F-11D3-BF4B-00C04F79EFBC}") = "PruebaTec2.AccesoADatos", "PruebaTec2.AccesoADatos\PruebaTec2.AccesoADatos.csproj", "{9906A24D-09A5-4BD5-B956-98DB58A6804B}"
EndProject
Project("{FAE04EC0-301F-11D3-BF4B-00C04F79EFBC}") = "PruebaTec2.LogicaDeNegocio", "PruebaTec2.LogicaDeNegocio\PruebaTec2.LogicaDeNegocio.csproj", "{3835E283-6E71-4A9C-BD79-D89D1DC9EBEA}"
EndProject
Project("{FAE04EC0-301F-11D3-BF4B-00C04F79EFBC}") = "PruebaTec2.InterfazGraficaMVC", "PruebaTec2.InterfazGraficaMVC\PruebaTec2.InterfazGraficaMVC.csproj", "{8A7F841A-CA35-4E53-823A-8B1431483658}"
EndProject
Global
	GlobalSection(SolutionConfigurationPlatforms) = preSolution
		Debug|Any CPU = Debug|Any CPU
		Release|Any CPU = Release|Any CPU
	EndGlobalSection
	GlobalSection(ProjectConfigurationPlatforms) = postSolution
		{C47A389E-888D-4C0F-8EE5-3515768B24A7}.Debug|Any CPU.ActiveCfg = Debug|Any CPU
		{C47A389E-888D-4C0F-8EE5-3515768B24A7}.Debug|Any CPU.Build.0 = Debug|Any CPU
		{C47A389E-888D-4C0F-8EE5-3515768B24A7}.Release|Any CPU.ActiveCfg = Release|Any CPU
		{C47A389E-888D-4C0F-8EE5-3515768B24A7}.Release|Any CPU.Build.0 = Release|Any CPU
		{9906A24D-09A5-4BD5-B956-98DB58A6804B}.Debug|Any CPU.ActiveCfg = Debug|Any CPU
		{9906A24D-09A5-4BD5-B956-98DB58A6804B}.Debug|Any CPU.Build.0 = Debug|Any CPU
		{9906A24D-09A5-4BD5-B956-98DB58A6804B}.Release|Any CPU.ActiveCfg = Release|Any CPU
		{9906A24D-09A5-4BD5-B956-98DB58A6804B}.Release|Any CPU.Build.0 = Release|Any CPU
		{3835E283-6E71-4A9C-BD79-D89D1DC9EBEA}.Debug|Any CPU.ActiveCfg = Debug|Any CPU
		{3835E283-6E71-4A9C-BD79-D89D1DC9EBEA}.Debug|Any CPU.Build.0 = Debug|Any CPU
		{3835E283-6E71-4A9C-BD79-D89D1DC9EBEA}.Release|Any CPU.ActiveCfg = Release|Any CPU
		{3835E283-6E71-4A9C-BD79-D89D1DC9EBEA}.Release|Any CPU.Build.0 = Release|Any CPU
		{8A7F841A-CA35-4E53-823A-8B1431483658}.Debug|Any CPU.ActiveCfg = Debug|Any CPU
		{8A7F841A-CA35-4E53-823A-8B1431483658}.Debug|Any CPU.Build.0 = Debug|Any CPU
		{8A7F841A-CA35-4E53-823A-8B1431483658}.Release|Any CPU.ActiveCfg = Release|Any CPU
		{8A7F841A-CA35-4E53-823A-8B1431483658}.Release|Any CPU.Build.0 = Release|Any CPU
	EndGlobalSection
	GlobalSection(SolutionProperties) = preSolution
		HideSolutionNode = FALSE
	EndGlobalSection
	GlobalSection(ExtensibilityGlobals) = postSolution
		SolutionGuid = {5CF5237B-B990-416F-AEAD-CE01A815F8D5}
	EndGlobalSection
EndGlobal
